{
    "_meta": {
        "hash": {
            "sha256": "63aaed59a84833049ef79f042747f838803ee708108033d0172750b7287330d1"
        },
        "pipfile-spec": 6,
        "requires": {
            "python_version": "3.9"
        },
        "sources": [
            {
                "name": "pypi",
                "url": "https://pypi.org/simple",
                "verify_ssl": true
            }
        ]
    },
    "default": {
        "asgiref": {
            "hashes": [
                "sha256:89b2ef2247e3b562a16eef663bc0e2e703ec6468e2fa8a5cd61cd449786d4f6e",
                "sha256:9e0ce3aa93a819ba5b45120216b23878cf6e8525eb3848653452b4192b92afed"
            ],
            "markers": "python_version >= '3.7'",
            "version": "==3.7.2"
        },
        "django": {
            "hashes": [
                "sha256:12498cc3cb8bc8038539fef9e90e95f507502436c1f0c3a673411324fa675d14",
                "sha256:2cc2fc7d1708ada170ddd6c99f35cc25db664f165d3794bc7723f46b2f8c8984"
            ],
            "index": "pypi",
            "version": "==4.2.9"
        },
        "django-appconf": {
            "hashes": [
                "sha256:c3ae442fba1ff7ec830412c5184b17169a7a1e71cf0864a4c3f93cf4c98a1993",
                "sha256:cfe87ea827c4ee04b9a70fab90b86d704cb02f2981f89da8423cb0fabf88efbf"
            ],
            "markers": "python_version >= '3.7'",
            "version": "==1.0.6"
        },
        "django-browser-reload": {
            "hashes": [
                "sha256:08b457f1b6599bf782d4d2ecdfb0897d6fc936ac4035060d0269c2af5ef4ef7a",
                "sha256:875b6bd01db13380522ccb4ae75871a2edeae74bb5ac92bf32eb76763d575d86"
            ],
            "index": "pypi",
            "version": "==1.12.1"
        },
        "django-compressor": {
            "hashes": [
                "sha256:1b0acc9cfba9f69bc38e7c41da9b0d70a20bc95587b643ffef9609cf46064f67",
                "sha256:6e2b0c0becb9607f5099c2546a824c5b84a6918a34bc37a8a622ffa250313596"
            ],
            "index": "pypi",
            "version": "==4.4"
        },
        "rcssmin": {
            "hashes": [
                "sha256:271e3d2f8614a6d4637ed8fff3d90007f03e2a654cd9444f37d888797662ba72",
                "sha256:35da6a6999e9e2c5b0e691b42ed56cc479373e0ecab33ef5277dfecce625e44a",
                "sha256:42576d95dfad53d77df2e68dfdec95b89b10fad320f241f1af3ca1438578254a",
                "sha256:4f9400b4366d29f5f5446f58e78549afa8338e6a59740c73115e9f6ac413dc64",
                "sha256:705c9112d0ed54ea40aecf97e7fd29bdf0f1c46d278a32d8f957f31dde90778a",
                "sha256:79421230dd67c37ec61ed9892813d2b839b68f2f48ef55c75f976e81701d60b4",
                "sha256:868215e1fd0e92a6122e0ed5973dfc7bb8330fe1e92274d05b2585253b38c0ca",
                "sha256:8a26fec3c1e6b7a3765ccbaccc20fbb5c0ed3422cc381e01a2607f08d7621c44",
                "sha256:8fcfd10ae2a1c4ce231a33013f2539e07c3836bf17cc945cc25cc30bf8e68e45",
                "sha256:908fe072efd2432fb0975a61124609a8e05021367f6a3463d45f5e3e74c4fdda",
                "sha256:914e589f40573035006913861ed2adc28fbe70082a8b6bff5be7ee430b7b5c2e",
                "sha256:a04d58a2a21e9a089306d3f99c4b12bf5b656a79c198ef2321e80f8fd9afab06",
                "sha256:a417735d4023d47d048a6288c88dbceadd20abaaf65a11bb4fda1e8458057019",
                "sha256:c30f8bc839747b6da59274e0c6e4361915d66532e26448d589cb2b1846d7bf11",
                "sha256:c7278c1c25bb90d8e554df92cfb3b6a1195004ead50f764653d3093933ee0877",
                "sha256:c7728e3b546b1b6ea08cab721e8e21409dbcc11b881d0b87d10b0be8930af2a2",
                "sha256:cf74d7ea5e191f0f344b354eed8b7c83eeafbd9a97bec3a579c3d26edf11b005",
                "sha256:d0afc6e7b64ef30d6dcde88830ec1a237b9f16a39f920a8fd159928684ccf8db",
                "sha256:d4e263fa9428704fd94c2cb565c7519ca1d225217943f71caffe6741ab5b9df1",
                "sha256:e923c105100ab70abde1c01d3196ddd6b07255e32073685542be4e3a60870c8e",
                "sha256:ee386bec6d62f8c814d65c011d604a7c82d24aa3f718facd66e850eea8d6a5a1",
                "sha256:f15673e97f0a68b4c378c4d15b088fe96d60bc106d278c88829923118833c20f",
                "sha256:f7a1fcdbafaacac0530da04edca4a44303baab430ea42e7d59aece4b3f3e9a51"
            ],
            "version": "==1.1.1"
        },
        "rjsmin": {
            "hashes": [
                "sha256:113132a40ce7d03b2ced4fac215f0297338ed1c207394b739266efab7831988b",
                "sha256:122aa52bcf7ad9f12728d309012d1308c6ecfe4d6b09ea867a110dcad7b7728c",
                "sha256:145c6af8df42d8af102d0d39a6de2e5fa66aef9e38947cfb9d65377d1b9940b2",
                "sha256:1f982be8e011438777a94307279b40134a3935fc0f079312ee299725b8af5411",
                "sha256:3453ee6d5e7a2723ec45c2909e2382371783400e8d51952b692884c6d850a3d0",
                "sha256:35827844d2085bd59d34214dfba6f1fc42a215c455887437b07dbf9c73019cc1",
                "sha256:35f21046504544e2941e04190ce24161255479133751550e36ddb3f4af0ecdca",
                "sha256:5d67ec09da46a492186e35cabca02a0d092eda5ef5b408a419b99ee4acf28d5c",
                "sha256:747bc9d3bc8a220f40858e6aad50b2ae2eb7f69c924d4fa3803b81be1c1ddd02",
                "sha256:7dd58b5ed88233bc61dc80b0ed87b93a1786031d9977c70d335221ef1ac5581a",
                "sha256:812af25c08d6a5ae98019a2e1b47ebb47f7469abd351670c353d619eaeae4064",
                "sha256:8a6710e358c661dcdcfd027e67de3afd72a6af4c88101dcf110de39e9bbded39",
                "sha256:8c340e251619c97571a5ade20f147f1f7e8664f66a2d6d7319e05e3ef6a4423c",
                "sha256:99c074cd6a8302ff47118a9c3d086f89328dc8e5c4b105aa1f348fb85c765a30",
                "sha256:b8464629a18fe69f70677854c93a3707976024b226a0ce62707c618f923e1346",
                "sha256:bbd7a0abaa394afd951f5d4e05249d306fec1c9674bfee179787674dddd0bdb7",
                "sha256:bc5bc2f94e59bc81562c572b7f1bdd6bcec4f61168dc68a2993bad2d355b6e19",
                "sha256:bd1faedc425006d9e86b23837d164f01d105b7a8b66b767a9766d0014773db2a",
                "sha256:ca90630b84fe94bb07739c3e3793e87d30c6ee450dde08653121f0d9153c8d0d",
                "sha256:d332e44a1b21ad63401cc7eebc81157e3d982d5fb503bb4faaea5028068d71e9",
                "sha256:eb770aaf637919b0011c4eb87b9ac6317079fb9800eb17c90dda05fc9de4ebc3",
                "sha256:f0895b360dccf7e2d6af8762a52985e3fbaa56778de1bf6b20dbc96134253807",
                "sha256:f7cd33602ec0f393a0058e883284496bb4dbbdd34e0bbe23b594c8933ddf9b65"
            ],
            "version": "==1.2.1"
        },
        "sqlparse": {
            "hashes": [
                "sha256:5430a4fe2ac7d0f93e66f1efc6e1338a41884b7ddf2a350cedd20ccc4d9d28f3",
                "sha256:d446183e84b8349fa3061f0fe7f06ca94ba65b426946ffebe6e3e8295332420c"
            ],
            "markers": "python_version >= '3.5'",
            "version": "==0.4.4"
        },
        "typing-extensions": {
            "hashes": [
                "sha256:23478f88c37f27d76ac8aee6c905017a143b0b1b886c3c9f66bc2fd94f9f5783",
                "sha256:af72aea155e91adfc61c3ae9e0e342dbc0cba726d6cba4b6c72c1f34e47291cd"
            ],
            "markers": "python_version < '3.11'",
            "version": "==4.9.0"
        },
        "tzdata": {
            "hashes": [
                "sha256:aa3ace4329eeacda5b7beb7ea08ece826c28d761cda36e747cfbf97996d39bf3",
                "sha256:dd54c94f294765522c77399649b4fefd95522479a664a0cec87f41bebc6148c9"
            ],
            "markers": "sys_platform == 'win32'",
            "version": "==2023.4"
        }
    },
    "develop": {}
}
